
Microsoft Visual Studio Solution File, Format Version 12.00
# Visual Studio Version 17
VisualStudioVersion = 17.10.34928.147
MinimumVisualStudioVersion = 10.0.40219.1
Project("{FAE04EC0-301F-11D3-BF4B-00C04F79EFBC}") = "newProject", "newProject\newProject.csproj", "{1ABE5134-C06E-41CE-AD3F-D0A5ABFE6413}"
EndProject
Global
	GlobalSection(SolutionConfigurationPlatforms) = preSolution
		Debug|Any CPU = Debug|Any CPU
		Release|Any CPU = Release|Any CPU
	EndGlobalSection
	GlobalSection(ProjectConfigurationPlatforms) = postSolution
		{1ABE5134-C06E-41CE-AD3F-D0A5ABFE6413}.Debug|Any CPU.ActiveCfg = Debug|Any CPU
		{1ABE5134-C06E-41CE-AD3F-D0A5ABFE6413}.Debug|Any CPU.Build.0 = Debug|Any CPU
		{1ABE5134-C06E-41CE-AD3F-D0A5ABFE6413}.Release|Any CPU.ActiveCfg = Release|Any CPU
		{1ABE5134-C06E-41CE-AD3F-D0A5ABFE6413}.Release|Any CPU.Build.0 = Release|Any CPU
	EndGlobalSection
	GlobalSection(SolutionProperties) = preSolution
		HideSolutionNode = FALSE
	EndGlobalSection
	GlobalSection(ExtensibilityGlobals) = postSolution
		SolutionGuid = {61E37674-45F6-4091-BD54-C8D94B71FB06}
	EndGlobalSection
EndGlobal
